<Solution>
  <Folder Name="/src/">
    <Project Path="src/Domain/TechCurse.Domain.csproj" />
    <Project Path="src/Application/TechCurse.Application.csproj" />
    <Project Path="src/Infrastructure/TechCurse.Infrastructure.csproj" />
    <Project Path="src/Api/TechCurse.Api.csproj" />
  </Folder>
</Solution>
